{
  "name": "Formulario con Bootstrap",
  "lockfileVersion": 3,
  "requires": true,
  "packages": {
    "": {
      "dependencies": {
        "@fontsource/jetbrains-mono": "^5.0.20"
      }
    },
    "node_modules/@fontsource/jetbrains-mono": {
      "version": "5.0.20",
      "resolved": "https://registry.npmjs.org/@fontsource/jetbrains-mono/-/jetbrains-mono-5.0.20.tgz",
      "integrity": "sha512-QkrihYWqftzs+04TinulIhnFqNwO6990HR07iCUae/6daOZAMy7urUPzytrRT9M8KLTTHBeHOY0CKqOs1+o2OQ=="
    }
  }
}
